
Microsoft Visual Studio Solution File, Format Version 12.00
# Visual Studio Version 17
VisualStudioVersion = 17.0.32112.339
MinimumVisualStudioVersion = 10.0.40219.1
Project("{9A19103F-16F7-4668-BE54-9A1E7A4F7556}") = "GreenOnions.KanCollectionTimeAnnouncerWindows", "GreenOnions.KanCollectionTimeAnnouncerWindows\GreenOnions.KanCollectionTimeAnnouncerWindows.csproj", "{55F0837A-ED96-4805-9D34-DEF2FFFA7C3F}"
EndProject
Project("{9A19103F-16F7-4668-BE54-9A1E7A4F7556}") = "GreenOnions.RandomLocalPictures", "GreenOnions.RandomLocalPictures\GreenOnions.RandomLocalPictures.csproj", "{799BAC38-2ACF-4218-9C18-21E934A023AB}"
EndProject
Project("{9A19103F-16F7-4668-BE54-9A1E7A4F7556}") = "GreenOnions.Interface", "..\GreenOnions\GreenOnions.Interface\GreenOnions.Interface.csproj", "{0503C020-3FD4-4238-837D-45C6E69A248B}"
EndProject
Project("{9A19103F-16F7-4668-BE54-9A1E7A4F7556}") = "GreenOnions.ReplierWindows", "GreenOnions.ReplierWindows\GreenOnions.ReplierWindows.csproj", "{E9F47B9C-06E4-437F-BC27-B4ED4CB438CB}"
EndProject
Project("{9A19103F-16F7-4668-BE54-9A1E7A4F7556}") = "GreenOnions.TicTacToe_Windows", "GreenOnions.TicTacToe_Windows\GreenOnions.TicTacToe_Windows.csproj", "{A7EFB39A-F437-4CDE-A031-9AA9B15B2D38}"
EndProject
Project("{9A19103F-16F7-4668-BE54-9A1E7A4F7556}") = "GreenOnions.NovelAiClient", "GreenOnions.NovelAiClient\GreenOnions.NovelAiClient.csproj", "{2EB707AA-0B8D-43BC-B4AF-FE3D52D0FA6D}"
EndProject
Project("{FAE04EC0-301F-11D3-BF4B-00C04F79EFBC}") = "GreenOnions.GuessTheSong", "GreenOnions.GuessTheSong\GreenOnions.GuessTheSong.csproj", "{077CBFC0-A58E-40F9-858A-A360C16E7450}"
EndProject
Global
	GlobalSection(SolutionConfigurationPlatforms) = preSolution
		Debug|Any CPU = Debug|Any CPU
		Release|Any CPU = Release|Any CPU
	EndGlobalSection
	GlobalSection(ProjectConfigurationPlatforms) = postSolution
		{55F0837A-ED96-4805-9D34-DEF2FFFA7C3F}.Debug|Any CPU.ActiveCfg = Debug|Any CPU
		{55F0837A-ED96-4805-9D34-DEF2FFFA7C3F}.Debug|Any CPU.Build.0 = Debug|Any CPU
		{55F0837A-ED96-4805-9D34-DEF2FFFA7C3F}.Release|Any CPU.ActiveCfg = Release|Any CPU
		{55F0837A-ED96-4805-9D34-DEF2FFFA7C3F}.Release|Any CPU.Build.0 = Release|Any CPU
		{799BAC38-2ACF-4218-9C18-21E934A023AB}.Debug|Any CPU.ActiveCfg = Debug|Any CPU
		{799BAC38-2ACF-4218-9C18-21E934A023AB}.Debug|Any CPU.Build.0 = Debug|Any CPU
		{799BAC38-2ACF-4218-9C18-21E934A023AB}.Release|Any CPU.ActiveCfg = Release|Any CPU
		{799BAC38-2ACF-4218-9C18-21E934A023AB}.Release|Any CPU.Build.0 = Release|Any CPU
		{0503C020-3FD4-4238-837D-45C6E69A248B}.Debug|Any CPU.ActiveCfg = Debug|Any CPU
		{0503C020-3FD4-4238-837D-45C6E69A248B}.Debug|Any CPU.Build.0 = Debug|Any CPU
		{0503C020-3FD4-4238-837D-45C6E69A248B}.Release|Any CPU.ActiveCfg = Release|Any CPU
		{0503C020-3FD4-4238-837D-45C6E69A248B}.Release|Any CPU.Build.0 = Release|Any CPU
		{E9F47B9C-06E4-437F-BC27-B4ED4CB438CB}.Debug|Any CPU.ActiveCfg = Debug|Any CPU
		{E9F47B9C-06E4-437F-BC27-B4ED4CB438CB}.Debug|Any CPU.Build.0 = Debug|Any CPU
		{E9F47B9C-06E4-437F-BC27-B4ED4CB438CB}.Release|Any CPU.ActiveCfg = Release|Any CPU
		{E9F47B9C-06E4-437F-BC27-B4ED4CB438CB}.Release|Any CPU.Build.0 = Release|Any CPU
		{A7EFB39A-F437-4CDE-A031-9AA9B15B2D38}.Debug|Any CPU.ActiveCfg = Debug|Any CPU
		{A7EFB39A-F437-4CDE-A031-9AA9B15B2D38}.Debug|Any CPU.Build.0 = Debug|Any CPU
		{A7EFB39A-F437-4CDE-A031-9AA9B15B2D38}.Release|Any CPU.ActiveCfg = Release|Any CPU
		{A7EFB39A-F437-4CDE-A031-9AA9B15B2D38}.Release|Any CPU.Build.0 = Release|Any CPU
		{2EB707AA-0B8D-43BC-B4AF-FE3D52D0FA6D}.Debug|Any CPU.ActiveCfg = Debug|Any CPU
		{2EB707AA-0B8D-43BC-B4AF-FE3D52D0FA6D}.Debug|Any CPU.Build.0 = Debug|Any CPU
		{2EB707AA-0B8D-43BC-B4AF-FE3D52D0FA6D}.Release|Any CPU.ActiveCfg = Release|Any CPU
		{2EB707AA-0B8D-43BC-B4AF-FE3D52D0FA6D}.Release|Any CPU.Build.0 = Release|Any CPU
		{077CBFC0-A58E-40F9-858A-A360C16E7450}.Debug|Any CPU.ActiveCfg = Debug|Any CPU
		{077CBFC0-A58E-40F9-858A-A360C16E7450}.Debug|Any CPU.Build.0 = Debug|Any CPU
		{077CBFC0-A58E-40F9-858A-A360C16E7450}.Release|Any CPU.ActiveCfg = Release|Any CPU
		{077CBFC0-A58E-40F9-858A-A360C16E7450}.Release|Any CPU.Build.0 = Release|Any CPU
	EndGlobalSection
	GlobalSection(SolutionProperties) = preSolution
		HideSolutionNode = FALSE
	EndGlobalSection
	GlobalSection(ExtensibilityGlobals) = postSolution
		SolutionGuid = {DEC50454-2724-4281-8B2B-7001AA5939E4}
	EndGlobalSection
EndGlobal
