
Microsoft Visual Studio Solution File, Format Version 12.00
# Visual Studio Version 17
VisualStudioVersion = 17.12.35527.113
MinimumVisualStudioVersion = 10.0.40219.1
Project("{FAE04EC0-301F-11D3-BF4B-00C04F79EFBC}") = "GreenOnions.NT.HPictures", "GreenOnions.NT.HPictures\GreenOnions.NT.HPictures.csproj", "{15B38F7B-9984-426D-AFB9-1CD1A6F06650}"
EndProject
Project("{FAE04EC0-301F-11D3-BF4B-00C04F79EFBC}") = "GreenOnions.NT.Base", "..\..\GreenOnions\GreenOnions.NT\GreenOnions.NT.Base\GreenOnions.NT.Base.csproj", "{61BC13DC-26CA-4EA9-8ED6-DB91E4FA9F98}"
EndProject
Project("{FAE04EC0-301F-11D3-BF4B-00C04F79EFBC}") = "GreenOnions.NT", "..\..\GreenOnions\GreenOnions.NT\GreenOnions.NT\GreenOnions.NT.csproj", "{6CF807F4-CC0D-4CB7-97F2-6F6535EC7B1F}"
EndProject
Project("{FAE04EC0-301F-11D3-BF4B-00C04F79EFBC}") = "GreenOnions.NT.Core", "..\..\GreenOnions\GreenOnions.NT\GreenOnions.NT.Core\GreenOnions.NT.Core.csproj", "{DC50DCB7-F859-4914-9BF5-F10AD9181FF1}"
EndProject
Project("{FAE04EC0-301F-11D3-BF4B-00C04F79EFBC}") = "GreenOnions.NT.PictureSearcher", "GreenOnions.NT.PictureSearcher\GreenOnions.NT.PictureSearcher.csproj", "{4111A3E9-29C9-4632-8582-70A1B91170B2}"
EndProject
Project("{FAE04EC0-301F-11D3-BF4B-00C04F79EFBC}") = "Lagrange.Core", "..\..\Lagrange.Core\Lagrange.Core\Lagrange.Core.csproj", "{939EB7B1-0882-455C-A866-1C7A943F7F71}"
EndProject
Project("{FAE04EC0-301F-11D3-BF4B-00C04F79EFBC}") = "GreenOnions.NT.PixivDownloader", "GreenOnions.NT.PixivDownloader\GreenOnions.NT.PixivDownloader.csproj", "{AC5BE391-F956-45EA-9C1E-10DE9B660C1D}"
EndProject
Project("{FAE04EC0-301F-11D3-BF4B-00C04F79EFBC}") = "GreenOnions.NT.RSS", "GreenOnions.NT.RSS\GreenOnions.NT.RSS.csproj", "{E062D86F-CF9B-4673-8677-C63DF79795DF}"
EndProject
Project("{FAE04EC0-301F-11D3-BF4B-00C04F79EFBC}") = "GreenOnions.NT.Translate", "GreenOnions.NT.Translate\GreenOnions.NT.Translate.csproj", "{435BB492-3A81-4750-9251-4F9F79A5D1B1}"
EndProject
Project("{FAE04EC0-301F-11D3-BF4B-00C04F79EFBC}") = "GreenOnions.NT.CryptocurrencyPrices", "GreenOnions.NT.CryptocurrencyPrices\GreenOnions.NT.CryptocurrencyPrices.csproj", "{581DF2E1-4A8D-484D-A5AA-CBF9A0A50594}"
EndProject
Project("{FAE04EC0-301F-11D3-BF4B-00C04F79EFBC}") = "GreenOnions.NT.OpenAiClient", "GreenOnions.NT.OpenAiClient\GreenOnions.NT.OpenAiClient.csproj", "{34EACCF9-ED25-4FAB-956B-38420A157F65}"
EndProject
Global
	GlobalSection(SolutionConfigurationPlatforms) = preSolution
		Debug|Any CPU = Debug|Any CPU
		Release|Any CPU = Release|Any CPU
	EndGlobalSection
	GlobalSection(ProjectConfigurationPlatforms) = postSolution
		{15B38F7B-9984-426D-AFB9-1CD1A6F06650}.Debug|Any CPU.ActiveCfg = Debug|Any CPU
		{15B38F7B-9984-426D-AFB9-1CD1A6F06650}.Debug|Any CPU.Build.0 = Debug|Any CPU
		{15B38F7B-9984-426D-AFB9-1CD1A6F06650}.Release|Any CPU.ActiveCfg = Release|Any CPU
		{15B38F7B-9984-426D-AFB9-1CD1A6F06650}.Release|Any CPU.Build.0 = Release|Any CPU
		{61BC13DC-26CA-4EA9-8ED6-DB91E4FA9F98}.Debug|Any CPU.ActiveCfg = Debug|Any CPU
		{61BC13DC-26CA-4EA9-8ED6-DB91E4FA9F98}.Debug|Any CPU.Build.0 = Debug|Any CPU
		{61BC13DC-26CA-4EA9-8ED6-DB91E4FA9F98}.Release|Any CPU.ActiveCfg = Release|Any CPU
		{61BC13DC-26CA-4EA9-8ED6-DB91E4FA9F98}.Release|Any CPU.Build.0 = Release|Any CPU
		{6CF807F4-CC0D-4CB7-97F2-6F6535EC7B1F}.Debug|Any CPU.ActiveCfg = Debug|Any CPU
		{6CF807F4-CC0D-4CB7-97F2-6F6535EC7B1F}.Debug|Any CPU.Build.0 = Debug|Any CPU
		{6CF807F4-CC0D-4CB7-97F2-6F6535EC7B1F}.Release|Any CPU.ActiveCfg = Release|Any CPU
		{6CF807F4-CC0D-4CB7-97F2-6F6535EC7B1F}.Release|Any CPU.Build.0 = Release|Any CPU
		{DC50DCB7-F859-4914-9BF5-F10AD9181FF1}.Debug|Any CPU.ActiveCfg = Debug|Any CPU
		{DC50DCB7-F859-4914-9BF5-F10AD9181FF1}.Debug|Any CPU.Build.0 = Debug|Any CPU
		{DC50DCB7-F859-4914-9BF5-F10AD9181FF1}.Release|Any CPU.ActiveCfg = Release|Any CPU
		{DC50DCB7-F859-4914-9BF5-F10AD9181FF1}.Release|Any CPU.Build.0 = Release|Any CPU
		{4111A3E9-29C9-4632-8582-70A1B91170B2}.Debug|Any CPU.ActiveCfg = Debug|Any CPU
		{4111A3E9-29C9-4632-8582-70A1B91170B2}.Debug|Any CPU.Build.0 = Debug|Any CPU
		{4111A3E9-29C9-4632-8582-70A1B91170B2}.Release|Any CPU.ActiveCfg = Release|Any CPU
		{4111A3E9-29C9-4632-8582-70A1B91170B2}.Release|Any CPU.Build.0 = Release|Any CPU
		{939EB7B1-0882-455C-A866-1C7A943F7F71}.Debug|Any CPU.ActiveCfg = Debug|Any CPU
		{939EB7B1-0882-455C-A866-1C7A943F7F71}.Debug|Any CPU.Build.0 = Debug|Any CPU
		{939EB7B1-0882-455C-A866-1C7A943F7F71}.Release|Any CPU.ActiveCfg = Release|Any CPU
		{939EB7B1-0882-455C-A866-1C7A943F7F71}.Release|Any CPU.Build.0 = Release|Any CPU
		{AC5BE391-F956-45EA-9C1E-10DE9B660C1D}.Debug|Any CPU.ActiveCfg = Debug|Any CPU
		{AC5BE391-F956-45EA-9C1E-10DE9B660C1D}.Debug|Any CPU.Build.0 = Debug|Any CPU
		{AC5BE391-F956-45EA-9C1E-10DE9B660C1D}.Release|Any CPU.ActiveCfg = Release|Any CPU
		{AC5BE391-F956-45EA-9C1E-10DE9B660C1D}.Release|Any CPU.Build.0 = Release|Any CPU
		{E062D86F-CF9B-4673-8677-C63DF79795DF}.Debug|Any CPU.ActiveCfg = Debug|Any CPU
		{E062D86F-CF9B-4673-8677-C63DF79795DF}.Debug|Any CPU.Build.0 = Debug|Any CPU
		{E062D86F-CF9B-4673-8677-C63DF79795DF}.Release|Any CPU.ActiveCfg = Release|Any CPU
		{E062D86F-CF9B-4673-8677-C63DF79795DF}.Release|Any CPU.Build.0 = Release|Any CPU
		{435BB492-3A81-4750-9251-4F9F79A5D1B1}.Debug|Any CPU.ActiveCfg = Debug|Any CPU
		{435BB492-3A81-4750-9251-4F9F79A5D1B1}.Debug|Any CPU.Build.0 = Debug|Any CPU
		{435BB492-3A81-4750-9251-4F9F79A5D1B1}.Release|Any CPU.ActiveCfg = Release|Any CPU
		{435BB492-3A81-4750-9251-4F9F79A5D1B1}.Release|Any CPU.Build.0 = Release|Any CPU
		{581DF2E1-4A8D-484D-A5AA-CBF9A0A50594}.Debug|Any CPU.ActiveCfg = Debug|Any CPU
		{581DF2E1-4A8D-484D-A5AA-CBF9A0A50594}.Debug|Any CPU.Build.0 = Debug|Any CPU
		{581DF2E1-4A8D-484D-A5AA-CBF9A0A50594}.Release|Any CPU.ActiveCfg = Release|Any CPU
		{581DF2E1-4A8D-484D-A5AA-CBF9A0A50594}.Release|Any CPU.Build.0 = Release|Any CPU
		{34EACCF9-ED25-4FAB-956B-38420A157F65}.Debug|Any CPU.ActiveCfg = Debug|Any CPU
		{34EACCF9-ED25-4FAB-956B-38420A157F65}.Debug|Any CPU.Build.0 = Debug|Any CPU
		{34EACCF9-ED25-4FAB-956B-38420A157F65}.Release|Any CPU.ActiveCfg = Release|Any CPU
		{34EACCF9-ED25-4FAB-956B-38420A157F65}.Release|Any CPU.Build.0 = Release|Any CPU
	EndGlobalSection
	GlobalSection(SolutionProperties) = preSolution
		HideSolutionNode = FALSE
	EndGlobalSection
EndGlobal
